<?xml version="1.0" encoding="utf-8"?>
<Project ToolsVersion="4.0" xmlns="http://schemas.microsoft.com/developer/msbuild/2003">
  <ItemGroup>
    <Filter Include="Source Files">
      <UniqueIdentifier>{4FC737F1-C7A5-4376-A066-2A32D752A2FF}</UniqueIdentifier>
      <Extensions>cpp;c;cc;cxx;def;odl;idl;hpj;bat;asm;asmx</Extensions>
    </Filter>
    <Filter Include="Resource Files">
      <UniqueIdentifier>{67DA6AB6-F800-4c08-8B7A-83BB121AAD01}</UniqueIdentifier>
      <Extensions>rc;ico;cur;bmp;dlg;rc2;rct;bin;rgs;gif;jpg;jpeg;jpe;resx;tiff;tif;png;wav;mfcribbon-ms</Extensions>
    </Filter>
    <Filter Include="Header Files">
      <UniqueIdentifier>{4dc5dcc4-332f-49f0-b158-a60361864393}</UniqueIdentifier>
    </Filter>
  </ItemGroup>
  <ItemGroup>
    <ClCompile Include="main.cpp">
      <Filter>Source Files</Filter>
    </ClCompile>
    <ClCompile Include="glsl.cpp">
      <Filter>Source Files</Filter>
    </ClCompile>
    <ClCompile Include="objloader.cpp">
      <Filter>Source Files</Filter>
    </ClCompile>
    <ClCompile Include="Box.cpp">
      <Filter>Source Files</Filter>
    </ClCompile>
    <ClCompile Include="MaterialProperties.cpp">
      <Filter>Source Files</Filter>
    </ClCompile>
    <ClCompile Include="Model.cpp">
      <Filter>Source Files</Filter>
    </ClCompile>
    <ClCompile Include="src\lib\IndexBuffer.cpp">
      <Filter>Source Files</Filter>
    </ClCompile>
    <ClCompile Include="src\lib\Renderer.cpp">
      <Filter>Source Files</Filter>
    </ClCompile>
    <ClCompile Include="src\lib\VertexBuffer.cpp">
      <Filter>Source Files</Filter>
    </ClCompile>
    <ClCompile Include="src\lib\VertexArray.cpp">
      <Filter>Source Files</Filter>
    </ClCompile>
    <ClCompile Include="src\lib\Shader.cpp">
      <Filter>Source Files</Filter>
    </ClCompile>
    <ClCompile Include="src\lib\Texture.cpp">
      <Filter>Source Files</Filter>
    </ClCompile>
    <ClCompile Include="src\vendor\texture.cpp">
      <Filter>Source Files</Filter>
    </ClCompile>
  </ItemGroup>
  <ItemGroup>
    <ClInclude Include="objloader.hpp">
      <Filter>Resource Files</Filter>
    </ClInclude>
    <ClInclude Include="src\lib\VertexBuffer.h">
      <Filter>Header Files</Filter>
    </ClInclude>
    <ClInclude Include="Box.h">
      <Filter>Header Files</Filter>
    </ClInclude>
    <ClInclude Include="glsl.h">
      <Filter>Header Files</Filter>
    </ClInclude>
    <ClInclude Include="src\lib\IndexBuffer.h">
      <Filter>Header Files</Filter>
    </ClInclude>
    <ClInclude Include="Model.h">
      <Filter>Header Files</Filter>
    </ClInclude>
    <ClInclude Include="src\lib\Renderer.h">
      <Filter>Header Files</Filter>
    </ClInclude>
    <ClInclude Include="src\lib\VertexArray.h" />
    <ClInclude Include="src\lib\VertexBufferLayout.h" />
    <ClInclude Include="src\lib\Shader.h" />
    <ClInclude Include="src\lib\Texture.h" />
    <ClInclude Include="src\vendor\texture.h" />
  </ItemGroup>
  <ItemGroup>
    <None Include="src\shaders\fragmentShader.glsl">
      <Filter>Resource Files</Filter>
    </None>
    <None Include="src\shaders\vertexShader.glsl">
      <Filter>Resource Files</Filter>
    </None>
  </ItemGroup>
  <ItemGroup>
    <Object Include="assets\box.obj">
      <Filter>Resource Files</Filter>
    </Object>
    <Object Include="assets\cylinder18.obj">
      <Filter>Resource Files</Filter>
    </Object>
    <Object Include="assets\cylinder32.obj">
      <Filter>Resource Files</Filter>
    </Object>
    <Object Include="assets\sphere.obj">
      <Filter>Resource Files</Filter>
    </Object>
    <Object Include="assets\teapot.obj">
      <Filter>Resource Files</Filter>
    </Object>
    <Object Include="assets\torus.obj">
      <Filter>Resource Files</Filter>
    </Object>
  </ItemGroup>
</Project>